PackratFormat: 1.4
PackratVersion: 0.5.0
RVersion: 3.6.2
Repos: CNCRAN=file:///opt/R/CNCRAN, CRAN=https://cloud.r-project.org

Package: BH
Source: CRAN
Version: 1.69.0-1
Hash: 15f597ed227897f4f793b6161260f4b9

Package: R6
Source: CRAN
Version: 2.4.0
Hash: 948a547c484e5bea15eee76cc53cce3f

Package: Rcpp
Source: CRAN
Version: 1.0.2
Hash: d04e441a8d398e3d3a71f294c07fa94d

Package: crayon
Source: CRAN
Version: 1.3.4
Hash: ff2840dd9b0d563fc80377a5a45510cd

Package: digest
Source: CRAN
Version: 0.6.20
Hash: 96694793002a72637776e3b31956cbb2

Package: htmltools
Source: CRAN
Version: 0.3.6
Hash: 4a0c306e40c3a86c22f87aaf9e639af5
Requires: Rcpp, digest

Package: httpuv
Source: CRAN
Version: 1.5.1
Hash: e7053b7c5df23c54946e5e641d0c4c25
Requires: BH, R6, Rcpp, later, promises

Package: jsonlite
Source: CRAN
Version: 1.6
Hash: 5f969e213e966135393e3e304abf3f49

Package: later
Source: CRAN
Version: 0.8.0
Hash: 1ddfc6ff3e40908eee240caa379fd032
Requires: BH, Rcpp, rlang

Package: magrittr
Source: CRAN
Version: 1.5
Hash: bdc4d48c3135e8f3b399536ddf160df4

Package: mime
Source: CRAN
Version: 0.7
Hash: 0d7563caf453c231b6f8c359c51eecc2

Package: packrat
Source: CRAN
Version: 0.5.0
Hash: 498643e765d1442ba7b1160a1df3abf9

Package: promises
Source: CRAN
Version: 1.0.1
Hash: e1ac352d25f1cee847e7cd0984b10dc1
Requires: R6, Rcpp, later, magrittr, rlang

Package: rlang
Source: CRAN
Version: 0.4.0
Hash: eabda67321fe1d477ea641ddd5d84f00

Package: shiny
Source: CRAN
Version: 1.3.2
Hash: a48cf01573400333efa51dc999ab6447
Requires: R6, crayon, digest, htmltools, httpuv, jsonlite, later, mime,
    promises, rlang, sourcetools, xtable

Package: sourcetools
Source: CRAN
Version: 0.1.7
Hash: d093478ac90064e670cd4bf1a99b47b6

Package: xtable
Source: CRAN
Version: 1.8-4
Hash: dc0d47261b678d26032363bebd050540
